
Microsoft Visual Studio Solution File, Format Version 12.00
# Visual Studio 2015
Project("{FAE04EC0-301F-11D3-BF4B-00C04F79EFBC}") = "SphereDemo_MoFeng", "SphereDemo_MoFeng.csproj", "{CB5B694F-2587-9E70-FA6E-43626DA2E0D0}"
EndProject
Project("{FAE04EC0-301F-11D3-BF4B-00C04F79EFBC}") = "SphereDemo_MoFeng.Editor", "SphereDemo_MoFeng.Editor.csproj", "{AB15FFD9-1CA6-457A-9BAE-5052E038F1E1}"
EndProject
Global
	GlobalSection(SolutionConfigurationPlatforms) = preSolution
		Debug|Any CPU = Debug|Any CPU
		Release|Any CPU = Release|Any CPU
	EndGlobalSection
	GlobalSection(ProjectConfigurationPlatforms) = postSolution
		{CB5B694F-2587-9E70-FA6E-43626DA2E0D0}.Debug|Any CPU.ActiveCfg = Debug|Any CPU
		{CB5B694F-2587-9E70-FA6E-43626DA2E0D0}.Debug|Any CPU.Build.0 = Debug|Any CPU
		{CB5B694F-2587-9E70-FA6E-43626DA2E0D0}.Release|Any CPU.ActiveCfg = Release|Any CPU
		{CB5B694F-2587-9E70-FA6E-43626DA2E0D0}.Release|Any CPU.Build.0 = Release|Any CPU
		{AB15FFD9-1CA6-457A-9BAE-5052E038F1E1}.Debug|Any CPU.ActiveCfg = Debug|Any CPU
		{AB15FFD9-1CA6-457A-9BAE-5052E038F1E1}.Debug|Any CPU.Build.0 = Debug|Any CPU
		{AB15FFD9-1CA6-457A-9BAE-5052E038F1E1}.Release|Any CPU.ActiveCfg = Release|Any CPU
		{AB15FFD9-1CA6-457A-9BAE-5052E038F1E1}.Release|Any CPU.Build.0 = Release|Any CPU
	EndGlobalSection
	GlobalSection(SolutionProperties) = preSolution
		HideSolutionNode = FALSE
	EndGlobalSection
EndGlobal
